
Microsoft Visual Studio Solution File, Format Version 12.00
# Visual Studio Version 17
VisualStudioVersion = 17.14.36127.28 d17.14
MinimumVisualStudioVersion = 10.0.40219.1
Project("{FAE04EC0-301F-11D3-BF4B-00C04F79EFBC}") = "Proyecto", "Proyecto.csproj", "{B56B7945-C3C8-460D-AA1E-B73BFA1157C6}"
EndProject
Global
	GlobalSection(SolutionConfigurationPlatforms) = preSolution
		Debug|Any CPU = Debug|Any CPU
		Release|Any CPU = Release|Any CPU
	EndGlobalSection
	GlobalSection(ProjectConfigurationPlatforms) = postSolution
		{B56B7945-C3C8-460D-AA1E-B73BFA1157C6}.Debug|Any CPU.ActiveCfg = Debug|Any CPU
		{B56B7945-C3C8-460D-AA1E-B73BFA1157C6}.Debug|Any CPU.Build.0 = Debug|Any CPU
		{B56B7945-C3C8-460D-AA1E-B73BFA1157C6}.Release|Any CPU.ActiveCfg = Release|Any CPU
		{B56B7945-C3C8-460D-AA1E-B73BFA1157C6}.Release|Any CPU.Build.0 = Release|Any CPU
	EndGlobalSection
	GlobalSection(SolutionProperties) = preSolution
		HideSolutionNode = FALSE
	EndGlobalSection
	GlobalSection(ExtensibilityGlobals) = postSolution
		SolutionGuid = {3F5F99D5-2725-45DD-B678-84933E528E88}
	EndGlobalSection
EndGlobal
